
Microsoft Visual Studio Solution File, Format Version 11.00
# Visual Studio 2010
Project("{FAE04EC0-301F-11D3-BF4B-00C04F79EFBC}") = "Assembly-CSharp", "Assembly-CSharp.csproj", "{3db95486-602e-f2b9-03c7-3b42d4a2c4ba}"
EndProject
Project("{FAE04EC0-301F-11D3-BF4B-00C04F79EFBC}") = "Assembly-CSharp-firstpass", "Assembly-CSharp-firstpass.csproj", "{7275f2e2-dd47-958d-3888-b4c11e038e24}"
EndProject
Global
	GlobalSection(SolutionConfigurationPlatforms) = preSolution
		Debug|Any CPU = Debug|Any CPU
	EndGlobalSection
	GlobalSection(ProjectConfigurationPlatforms) = postSolution
		{3db95486-602e-f2b9-03c7-3b42d4a2c4ba}.Debug|Any CPU.ActiveCfg = Debug|Any CPU
		{3db95486-602e-f2b9-03c7-3b42d4a2c4ba}.Debug|Any CPU.Build.0 = Debug|Any CPU
		{7275f2e2-dd47-958d-3888-b4c11e038e24}.Debug|Any CPU.ActiveCfg = Debug|Any CPU
		{7275f2e2-dd47-958d-3888-b4c11e038e24}.Debug|Any CPU.Build.0 = Debug|Any CPU
	EndGlobalSection
	GlobalSection(SolutionProperties) = preSolution
		HideSolutionNode = FALSE
	EndGlobalSection
EndGlobal
